
Microsoft Visual Studio Solution File, Format Version 12.00
# Visual Studio Version 16
VisualStudioVersion = 16.0.32002.261
MinimumVisualStudioVersion = 10.0.40219.1
Project("{2150E333-8FDC-42A3-9474-1A3956D46DE8}") = "APILayer", "APILayer", "{CE801F2D-A2B2-484D-A2BF-83D32D843D10}"
EndProject
Project("{2150E333-8FDC-42A3-9474-1A3956D46DE8}") = "UILayer", "UILayer", "{5CACDC99-BCE6-46A5-A49B-F5C6613E541E}"
EndProject
Project("{2150E333-8FDC-42A3-9474-1A3956D46DE8}") = "ServiceLayer", "ServiceLayer", "{5388B317-4FF4-4926-BEB0-4DFD3B68FAE8}"
EndProject
Project("{2150E333-8FDC-42A3-9474-1A3956D46DE8}") = "BusinesLogic", "BusinesLogic", "{DC93E2E6-B939-4CA9-9ADE-51D9E0125AF9}"
EndProject
Project("{2150E333-8FDC-42A3-9474-1A3956D46DE8}") = "RepositoryLayer", "RepositoryLayer", "{27E35E2D-A4CC-441E-BF2E-C0BCD11A8DB5}"
EndProject
Project("{2150E333-8FDC-42A3-9474-1A3956D46DE8}") = "DomainLayer", "DomainLayer", "{B04F2F20-FEDE-48BD-B1D5-2C96E6F3AD2A}"
EndProject
Project("{FAE04EC0-301F-11D3-BF4B-00C04F79EFBC}") = "BusinesLogic", "BusinesLogic\BusinesLogic.csproj", "{84271C5A-7EBC-427A-869F-3B70A59E5A2C}"
EndProject
Project("{FAE04EC0-301F-11D3-BF4B-00C04F79EFBC}") = "DomainLayer", "DomainLayer\DomainLayer.csproj", "{BE2B23E9-FBAB-46F7-9D84-CC055BF7CF01}"
EndProject
Project("{FAE04EC0-301F-11D3-BF4B-00C04F79EFBC}") = "RapositoryLayer", "RapositoryLayer\RapositoryLayer.csproj", "{9FA71F1A-3429-487D-85E3-09CF9A9ED656}"
EndProject
Project("{FAE04EC0-301F-11D3-BF4B-00C04F79EFBC}") = "UILayerMVC", "UILayerMVC\UILayerMVC.csproj", "{469924CF-7103-4C7A-A6BD-CE4CF7324BE0}"
EndProject
Project("{FAE04EC0-301F-11D3-BF4B-00C04F79EFBC}") = "APILayer", "APILayer\APILayer.csproj", "{289C6332-D8BD-4732-B11A-42A689E2311E}"
EndProject
Global
	GlobalSection(SolutionConfigurationPlatforms) = preSolution
		Debug|Any CPU = Debug|Any CPU
		Release|Any CPU = Release|Any CPU
	EndGlobalSection
	GlobalSection(ProjectConfigurationPlatforms) = postSolution
		{84271C5A-7EBC-427A-869F-3B70A59E5A2C}.Debug|Any CPU.ActiveCfg = Debug|Any CPU
		{84271C5A-7EBC-427A-869F-3B70A59E5A2C}.Debug|Any CPU.Build.0 = Debug|Any CPU
		{84271C5A-7EBC-427A-869F-3B70A59E5A2C}.Release|Any CPU.ActiveCfg = Release|Any CPU
		{84271C5A-7EBC-427A-869F-3B70A59E5A2C}.Release|Any CPU.Build.0 = Release|Any CPU
		{BE2B23E9-FBAB-46F7-9D84-CC055BF7CF01}.Debug|Any CPU.ActiveCfg = Debug|Any CPU
		{BE2B23E9-FBAB-46F7-9D84-CC055BF7CF01}.Debug|Any CPU.Build.0 = Debug|Any CPU
		{BE2B23E9-FBAB-46F7-9D84-CC055BF7CF01}.Release|Any CPU.ActiveCfg = Release|Any CPU
		{BE2B23E9-FBAB-46F7-9D84-CC055BF7CF01}.Release|Any CPU.Build.0 = Release|Any CPU
		{9FA71F1A-3429-487D-85E3-09CF9A9ED656}.Debug|Any CPU.ActiveCfg = Debug|Any CPU
		{9FA71F1A-3429-487D-85E3-09CF9A9ED656}.Debug|Any CPU.Build.0 = Debug|Any CPU
		{9FA71F1A-3429-487D-85E3-09CF9A9ED656}.Release|Any CPU.ActiveCfg = Release|Any CPU
		{9FA71F1A-3429-487D-85E3-09CF9A9ED656}.Release|Any CPU.Build.0 = Release|Any CPU
		{469924CF-7103-4C7A-A6BD-CE4CF7324BE0}.Debug|Any CPU.ActiveCfg = Debug|Any CPU
		{469924CF-7103-4C7A-A6BD-CE4CF7324BE0}.Debug|Any CPU.Build.0 = Debug|Any CPU
		{469924CF-7103-4C7A-A6BD-CE4CF7324BE0}.Release|Any CPU.ActiveCfg = Release|Any CPU
		{469924CF-7103-4C7A-A6BD-CE4CF7324BE0}.Release|Any CPU.Build.0 = Release|Any CPU
		{289C6332-D8BD-4732-B11A-42A689E2311E}.Debug|Any CPU.ActiveCfg = Debug|Any CPU
		{289C6332-D8BD-4732-B11A-42A689E2311E}.Debug|Any CPU.Build.0 = Debug|Any CPU
		{289C6332-D8BD-4732-B11A-42A689E2311E}.Release|Any CPU.ActiveCfg = Release|Any CPU
		{289C6332-D8BD-4732-B11A-42A689E2311E}.Release|Any CPU.Build.0 = Release|Any CPU
	EndGlobalSection
	GlobalSection(SolutionProperties) = preSolution
		HideSolutionNode = FALSE
	EndGlobalSection
	GlobalSection(NestedProjects) = preSolution
		{DC93E2E6-B939-4CA9-9ADE-51D9E0125AF9} = {5388B317-4FF4-4926-BEB0-4DFD3B68FAE8}
		{27E35E2D-A4CC-441E-BF2E-C0BCD11A8DB5} = {5388B317-4FF4-4926-BEB0-4DFD3B68FAE8}
		{B04F2F20-FEDE-48BD-B1D5-2C96E6F3AD2A} = {5388B317-4FF4-4926-BEB0-4DFD3B68FAE8}
		{84271C5A-7EBC-427A-869F-3B70A59E5A2C} = {DC93E2E6-B939-4CA9-9ADE-51D9E0125AF9}
		{BE2B23E9-FBAB-46F7-9D84-CC055BF7CF01} = {B04F2F20-FEDE-48BD-B1D5-2C96E6F3AD2A}
		{9FA71F1A-3429-487D-85E3-09CF9A9ED656} = {27E35E2D-A4CC-441E-BF2E-C0BCD11A8DB5}
		{469924CF-7103-4C7A-A6BD-CE4CF7324BE0} = {5CACDC99-BCE6-46A5-A49B-F5C6613E541E}
		{289C6332-D8BD-4732-B11A-42A689E2311E} = {CE801F2D-A2B2-484D-A2BF-83D32D843D10}
	EndGlobalSection
	GlobalSection(ExtensibilityGlobals) = postSolution
		SolutionGuid = {49004466-A6AE-4BE6-957C-F36EC668AFD6}
	EndGlobalSection
EndGlobal
